
Microsoft Visual Studio Solution File, Format Version 12.00
# Visual Studio 14
VisualStudioVersion = 14.0.25420.1
MinimumVisualStudioVersion = 10.0.40219.1
Project("{FAE04EC0-301F-11D3-BF4B-00C04F79EFBC}") = "Com.PGJ.SistemaPolizas.Web", "Com.PGJ.SistemaPolizas\Com.PGJ.SistemaPolizas.Web.csproj", "{4F1D07EE-8462-4258-84FE-310E18C773C7}"
EndProject
Project("{FAE04EC0-301F-11D3-BF4B-00C04F79EFBC}") = "Com.PGJ.SistemaPolizas.Tests", "Com.PGJ.SistemaPolizas.Tests\Com.PGJ.SistemaPolizas.Tests.csproj", "{89796552-B832-4681-9786-DE45C2188564}"
EndProject
Project("{FAE04EC0-301F-11D3-BF4B-00C04F79EFBC}") = "Com.PGJ.SistemaPolizas.Data", "Com.PGJ.SistemaPolizas.Data\Com.PGJ.SistemaPolizas.Data.csproj", "{F8C5F9D2-16DF-4241-8635-7DEC421AC2F7}"
EndProject
Project("{FAE04EC0-301F-11D3-BF4B-00C04F79EFBC}") = "Com.PGJ.SistemaPolizas.Service", "Com.PGJ.SistemaPolizas.Service\Com.PGJ.SistemaPolizas.Service.csproj", "{0B22BEF5-4027-4C10-BD41-4E8CA0C7DA63}"
EndProject
Global
	GlobalSection(SolutionConfigurationPlatforms) = preSolution
		Debug|Any CPU = Debug|Any CPU
		Release|Any CPU = Release|Any CPU
	EndGlobalSection
	GlobalSection(ProjectConfigurationPlatforms) = postSolution
		{4F1D07EE-8462-4258-84FE-310E18C773C7}.Debug|Any CPU.ActiveCfg = Debug|Any CPU
		{4F1D07EE-8462-4258-84FE-310E18C773C7}.Debug|Any CPU.Build.0 = Debug|Any CPU
		{4F1D07EE-8462-4258-84FE-310E18C773C7}.Release|Any CPU.ActiveCfg = Release|Any CPU
		{4F1D07EE-8462-4258-84FE-310E18C773C7}.Release|Any CPU.Build.0 = Release|Any CPU
		{89796552-B832-4681-9786-DE45C2188564}.Debug|Any CPU.ActiveCfg = Debug|Any CPU
		{89796552-B832-4681-9786-DE45C2188564}.Debug|Any CPU.Build.0 = Debug|Any CPU
		{89796552-B832-4681-9786-DE45C2188564}.Release|Any CPU.ActiveCfg = Release|Any CPU
		{89796552-B832-4681-9786-DE45C2188564}.Release|Any CPU.Build.0 = Release|Any CPU
		{F8C5F9D2-16DF-4241-8635-7DEC421AC2F7}.Debug|Any CPU.ActiveCfg = Debug|Any CPU
		{F8C5F9D2-16DF-4241-8635-7DEC421AC2F7}.Debug|Any CPU.Build.0 = Debug|Any CPU
		{F8C5F9D2-16DF-4241-8635-7DEC421AC2F7}.Release|Any CPU.ActiveCfg = Release|Any CPU
		{F8C5F9D2-16DF-4241-8635-7DEC421AC2F7}.Release|Any CPU.Build.0 = Release|Any CPU
		{0B22BEF5-4027-4C10-BD41-4E8CA0C7DA63}.Debug|Any CPU.ActiveCfg = Debug|Any CPU
		{0B22BEF5-4027-4C10-BD41-4E8CA0C7DA63}.Debug|Any CPU.Build.0 = Debug|Any CPU
		{0B22BEF5-4027-4C10-BD41-4E8CA0C7DA63}.Release|Any CPU.ActiveCfg = Release|Any CPU
		{0B22BEF5-4027-4C10-BD41-4E8CA0C7DA63}.Release|Any CPU.Build.0 = Release|Any CPU
	EndGlobalSection
	GlobalSection(SolutionProperties) = preSolution
		HideSolutionNode = FALSE
	EndGlobalSection
EndGlobal
